
Microsoft Visual Studio Solution File, Format Version 12.00
# Visual Studio Version 17
VisualStudioVersion = 17.14.36603.0 d17.14
MinimumVisualStudioVersion = 10.0.40219.1
Project("{FAE04EC0-301F-11D3-BF4B-00C04F79EFBC}") = "BTH3_VoTanNha_24521225", "BTH3_VoTanNha_24521225\BTH3_VoTanNha_24521225.csproj", "{A798CEEA-3D8B-4F85-BD8C-31214AA86E8A}"
EndProject
Global
	GlobalSection(SolutionConfigurationPlatforms) = preSolution
		Debug|Any CPU = Debug|Any CPU
		Release|Any CPU = Release|Any CPU
	EndGlobalSection
	GlobalSection(ProjectConfigurationPlatforms) = postSolution
		{A798CEEA-3D8B-4F85-BD8C-31214AA86E8A}.Debug|Any CPU.ActiveCfg = Debug|Any CPU
		{A798CEEA-3D8B-4F85-BD8C-31214AA86E8A}.Debug|Any CPU.Build.0 = Debug|Any CPU
		{A798CEEA-3D8B-4F85-BD8C-31214AA86E8A}.Release|Any CPU.ActiveCfg = Release|Any CPU
		{A798CEEA-3D8B-4F85-BD8C-31214AA86E8A}.Release|Any CPU.Build.0 = Release|Any CPU
	EndGlobalSection
	GlobalSection(SolutionProperties) = preSolution
		HideSolutionNode = FALSE
	EndGlobalSection
	GlobalSection(ExtensibilityGlobals) = postSolution
		SolutionGuid = {FBB8F00C-4EA5-44EC-82B7-19E96A10D56F}
	EndGlobalSection
EndGlobal
